Microsoft Visual Studio Solution File, Format Version 11.00
# Visual Studio 2008

Project("{478143E3-0610-BD0A-E5B5-59DE575C4178}") = "DroppedClone", "Assembly-CSharp.csproj", "{7009C9B3-1C10-202E-E7DB-706EC70FEFFD}"
EndProject
Global
	GlobalSection(SolutionConfigurationPlatforms) = preSolution
		Debug|Any CPU = Debug|Any CPU
		Release|Any CPU = Release|Any CPU
	EndGlobalSection
	GlobalSection(ProjectConfigurationPlatforms) = postSolution
		{7009C9B3-1C10-202E-E7DB-706EC70FEFFD}.Debug|Any CPU.ActiveCfg = Debug|Any CPU
		{7009C9B3-1C10-202E-E7DB-706EC70FEFFD}.Debug|Any CPU.Build.0 = Debug|Any CPU
		{7009C9B3-1C10-202E-E7DB-706EC70FEFFD}.Release|Any CPU.ActiveCfg = Release|Any CPU
		{7009C9B3-1C10-202E-E7DB-706EC70FEFFD}.Release|Any CPU.Build.0 = Release|Any CPU
	EndGlobalSection
	GlobalSection(SolutionProperties) = preSolution
		HideSolutionNode = FALSE
	EndGlobalSection
	GlobalSection(MonoDevelopProperties) = preSolution
		StartupItem = Assembly-CSharp.csproj
	EndGlobalSection
EndGlobal
